
Microsoft Visual Studio Solution File, Format Version 10.00
# Visual Studio 2008
Project("{FAE04EC0-301F-11D3-BF4B-00C04F79EFBC}") = "RegisterDeviceConsole", "RegisterDeviceConsole\RegisterDeviceConsole.csproj", "{BA8D91FB-1B10-459F-9FE3-60BC355898DA}"
EndProject
Project("{2150E333-8FDC-42A3-9474-1A3956D46DE8}") = "Aplex", "Aplex", "{3F7760F3-B550-43A8-98C2-FF4FC684454A}"
EndProject
Project("{2150E333-8FDC-42A3-9474-1A3956D46DE8}") = "Libraries", "Libraries", "{1B9095E5-E95F-4A04-A517-DAC64C6E740B}"
EndProject
Project("{2150E333-8FDC-42A3-9474-1A3956D46DE8}") = "Test", "Test", "{88C55CD9-7331-404F-8158-72804E1EFEA5}"
EndProject
Project("{2150E333-8FDC-42A3-9474-1A3956D46DE8}") = "Desktop", "Desktop", "{DB257C12-5A38-47B5-A770-B0A684DB6D40}"
EndProject
Project("{2150E333-8FDC-42A3-9474-1A3956D46DE8}") = "Server", "Server", "{41A97606-B5DF-4772-A9BD-2D9BFAB516E3}"
EndProject
Project("{2150E333-8FDC-42A3-9474-1A3956D46DE8}") = "Mobile", "Mobile", "{77609FA2-6BF4-4CB4-93C4-900D9EEF537C}"
EndProject
Project("{2150E333-8FDC-42A3-9474-1A3956D46DE8}") = "Desktop", "Desktop", "{A7797086-C442-4BA0-A578-FB53079E4EC4}"
EndProject
Project("{2150E333-8FDC-42A3-9474-1A3956D46DE8}") = "Server", "Server", "{D8707A08-EB2F-4639-BFA1-2732CC2048F5}"
EndProject
Project("{FAE04EC0-301F-11D3-BF4B-00C04F79EFBC}") = "Figlut.Aplex.Desktop.Controls", "Figlut.Aplex.Desktop.Controls\Figlut.Aplex.Desktop.Controls.csproj", "{F91386B5-8D97-4F78-A37C-F5D3BDC60F80}"
EndProject
Project("{FAE04EC0-301F-11D3-BF4B-00C04F79EFBC}") = "Figlut.Aplex", "Figlut.Aplex\Figlut.Aplex.csproj", "{8A15A56A-010F-41B7-A619-9E205556766E}"
EndProject
Project("{FAE04EC0-301F-11D3-BF4B-00C04F79EFBC}") = "Figlut.Aplex.Desktop.AuxilaryUI", "Figlut.Aplex.Desktop.AuxilaryUI\Figlut.Aplex.Desktop.AuxilaryUI.csproj", "{77149E76-BAC0-4DD4-905A-2D45B5BC0225}"
EndProject
Project("{FAE04EC0-301F-11D3-BF4B-00C04F79EFBC}") = "Figlut.Aplex.Desktop.Data", "Figlut.Aplex.Desktop.Data\Figlut.Aplex.Desktop.Data.csproj", "{552CA267-FDD3-43F6-8081-DA4A727F5530}"
EndProject
Project("{FAE04EC0-301F-11D3-BF4B-00C04F79EFBC}") = "Figlut.Aplex.Web.Data", "Figlut.Aplex.Web.Data\Figlut.Aplex.Web.Data.csproj", "{287ED9C9-AC7D-4ED4-B123-B5EE8711F662}"
EndProject
Project("{FAE04EC0-301F-11D3-BF4B-00C04F79EFBC}") = "Figlut.Aplex.Web.Service", "Figlut.Aplex.Web.Service\Figlut.Aplex.Web.Service.csproj", "{8BB0A98C-87C0-4302-8536-7AFB7A3B4821}"
EndProject
Project("{FAE04EC0-301F-11D3-BF4B-00C04F79EFBC}") = "Figlut.Aplex.Mobile.UI.Base", "Figlut.Aplex.Mobile.UI.Base\Figlut.Aplex.Mobile.UI.Base.csproj", "{81AD2F91-378D-4DBD-8B55-B7BDE4C3B736}"
EndProject
Project("{FAE04EC0-301F-11D3-BF4B-00C04F79EFBC}") = "Figlut.Aplex.Mobile.DeviceConfig", "Figlut.Aplex.Mobile.DeviceConfig\Figlut.Aplex.Mobile.DeviceConfig.csproj", "{9A7E9E8B-8BA3-4F38-BAC4-9AD3C70ACB65}"
EndProject
Project("{FAE04EC0-301F-11D3-BF4B-00C04F79EFBC}") = "Figlut.Desktop.Data", "Figlut.Desktop.Data\Figlut.Desktop.Data.csproj", "{E56EC9A2-D1AA-463B-877D-5F2837C44738}"
EndProject
Project("{FAE04EC0-301F-11D3-BF4B-00C04F79EFBC}") = "Figlut.CsvHelper", "Figlut.CsvHelper\Figlut.CsvHelper.csproj", "{AC5B70D6-4438-4C54-A0C4-71E38D946FF2}"
EndProject
Project("{FAE04EC0-301F-11D3-BF4B-00C04F79EFBC}") = "Figlut.Desktop.BaseForms", "Figlut.Desktop.BaseForms\Figlut.Desktop.BaseForms.csproj", "{296C800D-7340-4F02-BA01-E2E4305DCB27}"
EndProject
Project("{FAE04EC0-301F-11D3-BF4B-00C04F79EFBC}") = "Figlut.Desktop.Controls", "Figlut.Desktop.Controls\Figlut.Desktop.Controls.csproj", "{96F62BF6-FA7D-4989-A6D6-47A508FCE136}"
EndProject
Project("{FAE04EC0-301F-11D3-BF4B-00C04F79EFBC}") = "Figlut.Desktop.Utilities", "Figlut.Desktop.Utilities\Figlut.Desktop.Utilities.csproj", "{B90C6532-4A5A-4BE2-89B8-024EC4E24239}"
EndProject
Project("{FAE04EC0-301F-11D3-BF4B-00C04F79EFBC}") = "Figlut.Web.Utilities", "Figlut.Web.Utilities\Figlut.Web.Utilities.csproj", "{33F81737-0F32-4DE9-9BB9-5C6409BF8188}"
EndProject
Project("{FAE04EC0-301F-11D3-BF4B-00C04F79EFBC}") = "Figlut.LINQ.Utilities", "Figlut.LINQ.Utilities\Figlut.LINQ.Utilities.csproj", "{782D7DF4-0FAC-45A8-A73A-4A8BE5107664}"
EndProject
Project("{FAE04EC0-301F-11D3-BF4B-00C04F79EFBC}") = "Figlut.Aplex.Mobile.Demo", "Figlut.Aplex.Mobile.Demo\Figlut.Aplex.Mobile.Demo.csproj", "{E607A522-2834-4D79-A1FE-2FA37AFE8265}"
EndProject
Project("{54435603-DBB4-11D2-8724-00A0C9A8B90C}") = "Figlut.Aplex.Web.Service.Setup", "Figlut.Aplex.Web.Service.Setup\Figlut.Aplex.Web.Service.Setup.vdproj", "{42F0F7C5-E2F0-45CB-A1FB-ED7A21699196}"
EndProject
Project("{54435603-DBB4-11D2-8724-00A0C9A8B90C}") = "Figlut.Aplex.Setup", "Figlut.Aplex.Setup\Figlut.Aplex.Setup.vdproj", "{30469A28-4398-4A44-9404-6D2754C8EB6A}"
EndProject
Project("{B900F1C2-3D47-4FEC-85B3-04AAF18C3634}") = "Psion.Aplex.Mobile.Demo.Setup", "Psion.Aplex.Mobile.Demo.Setup\Psion.Aplex.Mobile.Demo.Setup.vddproj", "{2CFCAF16-822C-42C8-80F6-219DDA16A315}"
EndProject
Global
	GlobalSection(SolutionConfigurationPlatforms) = preSolution
		Debug|Any CPU = Debug|Any CPU
		Release|Any CPU = Release|Any CPU
	EndGlobalSection
	GlobalSection(ProjectConfigurationPlatforms) = postSolution
		{BA8D91FB-1B10-459F-9FE3-60BC355898DA}.Debug|Any CPU.ActiveCfg = Debug|Any CPU
		{BA8D91FB-1B10-459F-9FE3-60BC355898DA}.Debug|Any CPU.Build.0 = Debug|Any CPU
		{BA8D91FB-1B10-459F-9FE3-60BC355898DA}.Release|Any CPU.ActiveCfg = Release|Any CPU
		{BA8D91FB-1B10-459F-9FE3-60BC355898DA}.Release|Any CPU.Build.0 = Release|Any CPU
		{F91386B5-8D97-4F78-A37C-F5D3BDC60F80}.Debug|Any CPU.ActiveCfg = Debug|Any CPU
		{F91386B5-8D97-4F78-A37C-F5D3BDC60F80}.Debug|Any CPU.Build.0 = Debug|Any CPU
		{F91386B5-8D97-4F78-A37C-F5D3BDC60F80}.Release|Any CPU.ActiveCfg = Release|Any CPU
		{F91386B5-8D97-4F78-A37C-F5D3BDC60F80}.Release|Any CPU.Build.0 = Release|Any CPU
		{8A15A56A-010F-41B7-A619-9E205556766E}.Debug|Any CPU.ActiveCfg = Debug|Any CPU
		{8A15A56A-010F-41B7-A619-9E205556766E}.Debug|Any CPU.Build.0 = Debug|Any CPU
		{8A15A56A-010F-41B7-A619-9E205556766E}.Release|Any CPU.ActiveCfg = Release|Any CPU
		{8A15A56A-010F-41B7-A619-9E205556766E}.Release|Any CPU.Build.0 = Release|Any CPU
		{77149E76-BAC0-4DD4-905A-2D45B5BC0225}.Debug|Any CPU.ActiveCfg = Debug|Any CPU
		{77149E76-BAC0-4DD4-905A-2D45B5BC0225}.Debug|Any CPU.Build.0 = Debug|Any CPU
		{77149E76-BAC0-4DD4-905A-2D45B5BC0225}.Release|Any CPU.ActiveCfg = Release|Any CPU
		{77149E76-BAC0-4DD4-905A-2D45B5BC0225}.Release|Any CPU.Build.0 = Release|Any CPU
		{552CA267-FDD3-43F6-8081-DA4A727F5530}.Debug|Any CPU.ActiveCfg = Debug|Any CPU
		{552CA267-FDD3-43F6-8081-DA4A727F5530}.Debug|Any CPU.Build.0 = Debug|Any CPU
		{552CA267-FDD3-43F6-8081-DA4A727F5530}.Release|Any CPU.ActiveCfg = Release|Any CPU
		{552CA267-FDD3-43F6-8081-DA4A727F5530}.Release|Any CPU.Build.0 = Release|Any CPU
		{287ED9C9-AC7D-4ED4-B123-B5EE8711F662}.Debug|Any CPU.ActiveCfg = Debug|Any CPU
		{287ED9C9-AC7D-4ED4-B123-B5EE8711F662}.Debug|Any CPU.Build.0 = Debug|Any CPU
		{287ED9C9-AC7D-4ED4-B123-B5EE8711F662}.Release|Any CPU.ActiveCfg = Release|Any CPU
		{287ED9C9-AC7D-4ED4-B123-B5EE8711F662}.Release|Any CPU.Build.0 = Release|Any CPU
		{8BB0A98C-87C0-4302-8536-7AFB7A3B4821}.Debug|Any CPU.ActiveCfg = Debug|Any CPU
		{8BB0A98C-87C0-4302-8536-7AFB7A3B4821}.Debug|Any CPU.Build.0 = Debug|Any CPU
		{8BB0A98C-87C0-4302-8536-7AFB7A3B4821}.Release|Any CPU.ActiveCfg = Release|Any CPU
		{8BB0A98C-87C0-4302-8536-7AFB7A3B4821}.Release|Any CPU.Build.0 = Release|Any CPU
		{81AD2F91-378D-4DBD-8B55-B7BDE4C3B736}.Debug|Any CPU.ActiveCfg = Debug|Any CPU
		{81AD2F91-378D-4DBD-8B55-B7BDE4C3B736}.Debug|Any CPU.Build.0 = Debug|Any CPU
		{81AD2F91-378D-4DBD-8B55-B7BDE4C3B736}.Release|Any CPU.ActiveCfg = Release|Any CPU
		{81AD2F91-378D-4DBD-8B55-B7BDE4C3B736}.Release|Any CPU.Build.0 = Release|Any CPU
		{9A7E9E8B-8BA3-4F38-BAC4-9AD3C70ACB65}.Debug|Any CPU.ActiveCfg = Debug|Any CPU
		{9A7E9E8B-8BA3-4F38-BAC4-9AD3C70ACB65}.Debug|Any CPU.Build.0 = Debug|Any CPU
		{9A7E9E8B-8BA3-4F38-BAC4-9AD3C70ACB65}.Release|Any CPU.ActiveCfg = Release|Any CPU
		{9A7E9E8B-8BA3-4F38-BAC4-9AD3C70ACB65}.Release|Any CPU.Build.0 = Release|Any CPU
		{E56EC9A2-D1AA-463B-877D-5F2837C44738}.Debug|Any CPU.ActiveCfg = Debug|Any CPU
		{E56EC9A2-D1AA-463B-877D-5F2837C44738}.Debug|Any CPU.Build.0 = Debug|Any CPU
		{E56EC9A2-D1AA-463B-877D-5F2837C44738}.Release|Any CPU.ActiveCfg = Release|Any CPU
		{E56EC9A2-D1AA-463B-877D-5F2837C44738}.Release|Any CPU.Build.0 = Release|Any CPU
		{AC5B70D6-4438-4C54-A0C4-71E38D946FF2}.Debug|Any CPU.ActiveCfg = Debug|Any CPU
		{AC5B70D6-4438-4C54-A0C4-71E38D946FF2}.Debug|Any CPU.Build.0 = Debug|Any CPU
		{AC5B70D6-4438-4C54-A0C4-71E38D946FF2}.Release|Any CPU.ActiveCfg = Release|Any CPU
		{AC5B70D6-4438-4C54-A0C4-71E38D946FF2}.Release|Any CPU.Build.0 = Release|Any CPU
		{296C800D-7340-4F02-BA01-E2E4305DCB27}.Debug|Any CPU.ActiveCfg = Debug|Any CPU
		{296C800D-7340-4F02-BA01-E2E4305DCB27}.Debug|Any CPU.Build.0 = Debug|Any CPU
		{296C800D-7340-4F02-BA01-E2E4305DCB27}.Release|Any CPU.ActiveCfg = Release|Any CPU
		{296C800D-7340-4F02-BA01-E2E4305DCB27}.Release|Any CPU.Build.0 = Release|Any CPU
		{96F62BF6-FA7D-4989-A6D6-47A508FCE136}.Debug|Any CPU.ActiveCfg = Debug|Any CPU
		{96F62BF6-FA7D-4989-A6D6-47A508FCE136}.Debug|Any CPU.Build.0 = Debug|Any CPU
		{96F62BF6-FA7D-4989-A6D6-47A508FCE136}.Release|Any CPU.ActiveCfg = Release|Any CPU
		{96F62BF6-FA7D-4989-A6D6-47A508FCE136}.Release|Any CPU.Build.0 = Release|Any CPU
		{B90C6532-4A5A-4BE2-89B8-024EC4E24239}.Debug|Any CPU.ActiveCfg = Debug|Any CPU
		{B90C6532-4A5A-4BE2-89B8-024EC4E24239}.Debug|Any CPU.Build.0 = Debug|Any CPU
		{B90C6532-4A5A-4BE2-89B8-024EC4E24239}.Release|Any CPU.ActiveCfg = Release|Any CPU
		{B90C6532-4A5A-4BE2-89B8-024EC4E24239}.Release|Any CPU.Build.0 = Release|Any CPU
		{33F81737-0F32-4DE9-9BB9-5C6409BF8188}.Debug|Any CPU.ActiveCfg = Debug|Any CPU
		{33F81737-0F32-4DE9-9BB9-5C6409BF8188}.Debug|Any CPU.Build.0 = Debug|Any CPU
		{33F81737-0F32-4DE9-9BB9-5C6409BF8188}.Release|Any CPU.ActiveCfg = Release|Any CPU
		{33F81737-0F32-4DE9-9BB9-5C6409BF8188}.Release|Any CPU.Build.0 = Release|Any CPU
		{782D7DF4-0FAC-45A8-A73A-4A8BE5107664}.Debug|Any CPU.ActiveCfg = Debug|Any CPU
		{782D7DF4-0FAC-45A8-A73A-4A8BE5107664}.Debug|Any CPU.Build.0 = Debug|Any CPU
		{782D7DF4-0FAC-45A8-A73A-4A8BE5107664}.Release|Any CPU.ActiveCfg = Release|Any CPU
		{782D7DF4-0FAC-45A8-A73A-4A8BE5107664}.Release|Any CPU.Build.0 = Release|Any CPU
		{E607A522-2834-4D79-A1FE-2FA37AFE8265}.Debug|Any CPU.ActiveCfg = Debug|Any CPU
		{E607A522-2834-4D79-A1FE-2FA37AFE8265}.Debug|Any CPU.Build.0 = Debug|Any CPU
		{E607A522-2834-4D79-A1FE-2FA37AFE8265}.Release|Any CPU.ActiveCfg = Release|Any CPU
		{E607A522-2834-4D79-A1FE-2FA37AFE8265}.Release|Any CPU.Build.0 = Release|Any CPU
		{E607A522-2834-4D79-A1FE-2FA37AFE8265}.Release|Any CPU.Deploy.0 = Release|Any CPU
		{42F0F7C5-E2F0-45CB-A1FB-ED7A21699196}.Debug|Any CPU.ActiveCfg = Debug
		{42F0F7C5-E2F0-45CB-A1FB-ED7A21699196}.Release|Any CPU.ActiveCfg = Release
		{30469A28-4398-4A44-9404-6D2754C8EB6A}.Debug|Any CPU.ActiveCfg = Debug
		{30469A28-4398-4A44-9404-6D2754C8EB6A}.Release|Any CPU.ActiveCfg = Release
		{2CFCAF16-822C-42C8-80F6-219DDA16A315}.Debug|Any CPU.ActiveCfg = Debug
		{2CFCAF16-822C-42C8-80F6-219DDA16A315}.Release|Any CPU.ActiveCfg = Release
	EndGlobalSection
	GlobalSection(SolutionProperties) = preSolution
		HideSolutionNode = FALSE
	EndGlobalSection
	GlobalSection(NestedProjects) = preSolution
		{BA8D91FB-1B10-459F-9FE3-60BC355898DA} = {88C55CD9-7331-404F-8158-72804E1EFEA5}
		{DB257C12-5A38-47B5-A770-B0A684DB6D40} = {3F7760F3-B550-43A8-98C2-FF4FC684454A}
		{41A97606-B5DF-4772-A9BD-2D9BFAB516E3} = {3F7760F3-B550-43A8-98C2-FF4FC684454A}
		{77609FA2-6BF4-4CB4-93C4-900D9EEF537C} = {3F7760F3-B550-43A8-98C2-FF4FC684454A}
		{A7797086-C442-4BA0-A578-FB53079E4EC4} = {1B9095E5-E95F-4A04-A517-DAC64C6E740B}
		{D8707A08-EB2F-4639-BFA1-2732CC2048F5} = {1B9095E5-E95F-4A04-A517-DAC64C6E740B}
		{F91386B5-8D97-4F78-A37C-F5D3BDC60F80} = {DB257C12-5A38-47B5-A770-B0A684DB6D40}
		{8A15A56A-010F-41B7-A619-9E205556766E} = {DB257C12-5A38-47B5-A770-B0A684DB6D40}
		{77149E76-BAC0-4DD4-905A-2D45B5BC0225} = {DB257C12-5A38-47B5-A770-B0A684DB6D40}
		{552CA267-FDD3-43F6-8081-DA4A727F5530} = {DB257C12-5A38-47B5-A770-B0A684DB6D40}
		{287ED9C9-AC7D-4ED4-B123-B5EE8711F662} = {41A97606-B5DF-4772-A9BD-2D9BFAB516E3}
		{8BB0A98C-87C0-4302-8536-7AFB7A3B4821} = {41A97606-B5DF-4772-A9BD-2D9BFAB516E3}
		{81AD2F91-378D-4DBD-8B55-B7BDE4C3B736} = {77609FA2-6BF4-4CB4-93C4-900D9EEF537C}
		{9A7E9E8B-8BA3-4F38-BAC4-9AD3C70ACB65} = {77609FA2-6BF4-4CB4-93C4-900D9EEF537C}
		{E607A522-2834-4D79-A1FE-2FA37AFE8265} = {77609FA2-6BF4-4CB4-93C4-900D9EEF537C}
		{E56EC9A2-D1AA-463B-877D-5F2837C44738} = {A7797086-C442-4BA0-A578-FB53079E4EC4}
		{AC5B70D6-4438-4C54-A0C4-71E38D946FF2} = {A7797086-C442-4BA0-A578-FB53079E4EC4}
		{296C800D-7340-4F02-BA01-E2E4305DCB27} = {A7797086-C442-4BA0-A578-FB53079E4EC4}
		{96F62BF6-FA7D-4989-A6D6-47A508FCE136} = {A7797086-C442-4BA0-A578-FB53079E4EC4}
		{B90C6532-4A5A-4BE2-89B8-024EC4E24239} = {A7797086-C442-4BA0-A578-FB53079E4EC4}
		{33F81737-0F32-4DE9-9BB9-5C6409BF8188} = {D8707A08-EB2F-4639-BFA1-2732CC2048F5}
		{782D7DF4-0FAC-45A8-A73A-4A8BE5107664} = {D8707A08-EB2F-4639-BFA1-2732CC2048F5}
	EndGlobalSection
EndGlobal
